
Microsoft Visual Studio Solution File, Format Version 12.00
# Visual Studio Version 16
VisualStudioVersion = 16.0.29326.143
MinimumVisualStudioVersion = 10.0.40219.1
Project("{FAE04EC0-301F-11D3-BF4B-00C04F79EFBC}") = "BKStudentMVC", "BKStudentMVC\BKStudentMVC.csproj", "{6B82DF9F-842B-46D1-ABA6-DC8DE1CA5260}"
EndProject
Project("{FAE04EC0-301F-11D3-BF4B-00C04F79EFBC}") = "FUStudentMVC", "FUStudentMVC\FUStudentMVC.csproj", "{90446399-C4DF-4094-85FB-E54623F1432E}"
EndProject
Project("{FAE04EC0-301F-11D3-BF4B-00C04F79EFBC}") = "StudentLib", "StudentLib\StudentLib.csproj", "{B69086E4-F2DB-43B8-A404-F542206A3D1A}"
EndProject
Project("{FAE04EC0-301F-11D3-BF4B-00C04F79EFBC}") = "CAStudentMVC", "CAStudentMVC\CAStudentMVC.csproj", "{BA947093-3F6A-44B0-8074-7A2654903168}"
EndProject
Project("{FAE04EC0-301F-11D3-BF4B-00C04F79EFBC}") = "FUStudentMVC.Tests", "FUStudentMVC.Tests\FUStudentMVC.Tests.csproj", "{20078095-A65B-4742-986C-9C2DDC8B2892}"
EndProject
Global
	GlobalSection(SolutionConfigurationPlatforms) = preSolution
		Debug|Any CPU = Debug|Any CPU
		Release|Any CPU = Release|Any CPU
	EndGlobalSection
	GlobalSection(ProjectConfigurationPlatforms) = postSolution
		{6B82DF9F-842B-46D1-ABA6-DC8DE1CA5260}.Debug|Any CPU.ActiveCfg = Debug|Any CPU
		{6B82DF9F-842B-46D1-ABA6-DC8DE1CA5260}.Debug|Any CPU.Build.0 = Debug|Any CPU
		{6B82DF9F-842B-46D1-ABA6-DC8DE1CA5260}.Release|Any CPU.ActiveCfg = Release|Any CPU
		{6B82DF9F-842B-46D1-ABA6-DC8DE1CA5260}.Release|Any CPU.Build.0 = Release|Any CPU
		{90446399-C4DF-4094-85FB-E54623F1432E}.Debug|Any CPU.ActiveCfg = Debug|Any CPU
		{90446399-C4DF-4094-85FB-E54623F1432E}.Debug|Any CPU.Build.0 = Debug|Any CPU
		{90446399-C4DF-4094-85FB-E54623F1432E}.Release|Any CPU.ActiveCfg = Release|Any CPU
		{90446399-C4DF-4094-85FB-E54623F1432E}.Release|Any CPU.Build.0 = Release|Any CPU
		{B69086E4-F2DB-43B8-A404-F542206A3D1A}.Debug|Any CPU.ActiveCfg = Debug|Any CPU
		{B69086E4-F2DB-43B8-A404-F542206A3D1A}.Debug|Any CPU.Build.0 = Debug|Any CPU
		{B69086E4-F2DB-43B8-A404-F542206A3D1A}.Release|Any CPU.ActiveCfg = Release|Any CPU
		{B69086E4-F2DB-43B8-A404-F542206A3D1A}.Release|Any CPU.Build.0 = Release|Any CPU
		{BA947093-3F6A-44B0-8074-7A2654903168}.Debug|Any CPU.ActiveCfg = Debug|Any CPU
		{BA947093-3F6A-44B0-8074-7A2654903168}.Debug|Any CPU.Build.0 = Debug|Any CPU
		{BA947093-3F6A-44B0-8074-7A2654903168}.Release|Any CPU.ActiveCfg = Release|Any CPU
		{BA947093-3F6A-44B0-8074-7A2654903168}.Release|Any CPU.Build.0 = Release|Any CPU
		{20078095-A65B-4742-986C-9C2DDC8B2892}.Debug|Any CPU.ActiveCfg = Debug|Any CPU
		{20078095-A65B-4742-986C-9C2DDC8B2892}.Debug|Any CPU.Build.0 = Debug|Any CPU
		{20078095-A65B-4742-986C-9C2DDC8B2892}.Release|Any CPU.ActiveCfg = Release|Any CPU
		{20078095-A65B-4742-986C-9C2DDC8B2892}.Release|Any CPU.Build.0 = Release|Any CPU
	EndGlobalSection
	GlobalSection(SolutionProperties) = preSolution
		HideSolutionNode = FALSE
	EndGlobalSection
	GlobalSection(ExtensibilityGlobals) = postSolution
		SolutionGuid = {1E32B085-EF5C-463C-8465-3723F8158407}
	EndGlobalSection
EndGlobal
